
Microsoft Visual Studio Solution File, Format Version 12.00
# Visual Studio Version 17
VisualStudioVersion = 17.11.35312.102
MinimumVisualStudioVersion = 10.0.40219.1
Project("{FAE04EC0-301F-11D3-BF4B-00C04F79EFBC}") = "29.4.25", "29.4.25\29.4.25.csproj", "{16E3AEB3-B1C8-48CF-83FB-FAC2F8A244FE}"
EndProject
Global
	GlobalSection(SolutionConfigurationPlatforms) = preSolution
		Debug|Any CPU = Debug|Any CPU
		Release|Any CPU = Release|Any CPU
	EndGlobalSection
	GlobalSection(ProjectConfigurationPlatforms) = postSolution
		{16E3AEB3-B1C8-48CF-83FB-FAC2F8A244FE}.Debug|Any CPU.ActiveCfg = Debug|Any CPU
		{16E3AEB3-B1C8-48CF-83FB-FAC2F8A244FE}.Debug|Any CPU.Build.0 = Debug|Any CPU
		{16E3AEB3-B1C8-48CF-83FB-FAC2F8A244FE}.Release|Any CPU.ActiveCfg = Release|Any CPU
		{16E3AEB3-B1C8-48CF-83FB-FAC2F8A244FE}.Release|Any CPU.Build.0 = Release|Any CPU
	EndGlobalSection
	GlobalSection(SolutionProperties) = preSolution
		HideSolutionNode = FALSE
	EndGlobalSection
	GlobalSection(ExtensibilityGlobals) = postSolution
		SolutionGuid = {D00D97BA-CC3F-42A2-9EBF-41F795D67EA6}
	EndGlobalSection
EndGlobal
